github.com/HugoSmits86/nativewebp v1.2.1 h1:dJbfulw6WRf6rTcth6TwgEVwlBeP3vdZIJUIoySmeHQ=
github.com/HugoSmits86/nativewebp v1.2.1/go.mod h1:YNQuWenlVmSUUASVNhTDwf4d7FwYQGbGhklC8p72Vr8=
github.com/disintegration/imaging v1.6.2 h1:w1LecBlG2Lnp8B3jk5zSuNqd7b4DXhcjwek1ei82L+c=
github.com/disintegration/imaging v1.6.2/go.mod h1:44/5580QXChDfwIclfc/PCwrr44amcmDAg8hxG0Ewe4=
github.com/jessevdk/go-flags v1.4.0/go.mod h1:4FA24M0QyGHXBuZZK/XkWh8h0e1EYbRYJSGM75WSRxI=
github.com/smallstep/truststore v0.13.0 h1:90if9htAOblavbMeWlqNLnO9bsjjgVv2hQeQJCi/py4=
github.com/smallstep/truststore v0.13.0/go.mod h1:3tmMp2aLKZ/OA/jnFUB0cYPcho402UG2knuJoPh4j7A=
github.com/tdewolff/minify/v2 v2.24.12 h1:YXJxVJmz7vxgnEv1v8J/EI4x+Uw4MMohcRFK7TFOjmk=
github.com/tdewolff/minify/v2 v2.24.12/go.mod h1:exq1pjdrh9uAICdfVKQwqz6MsJmWmQahZuTC6pTO6ro=
github.com/tdewolff/parse/v2 v2.8.11 h1:SGyjEy3xEqd+W9WVzTlTQ5GkP/en4a1AZNZVJ1cvgm0=
github.com/tdewolff/parse/v2 v2.8.11/go.mod h1:Hwlni2tiVNKyzR1o6nUs4FOF07URA+JLBLd6dlIXYqo=
github.com/tdewolff/test v1.0.11 h1:FdLbwQVHxqG16SlkGveC0JVyrJN62COWTRyUFzfbtBE=
github.com/tdewolff/test v1.0.11/go.mod h1:XPuWBzvdUzhCuxWO1ojpXsyzsA5bFoS3tO/Q3kFuTG8=
golang.org/x/crypto v0.53.0 h1:QZ4Muo8THX6CizN2vPPd5fBGHyogrdK9fG4wLPFUsto=
golang.org/x/crypto v0.53.0/go.mod h1:DNLU434OwVakk9PzuwV8w62mAJpRJL3vsgcfp4Qnsio=
golang.org/x/image v0.0.0-20191009234506-e7c1f5e7dbb8/go.mod h1:FeLwcggjj3mMvU+oOTbSwawSJRM1uh48EjtB4UJZlP0=
golang.org/x/image v0.45.0 h1:FMb1nTbH5H9vF55SriQHgFw5GnNL9Jg6L25BwXKzhB0=
golang.org/x/image v0.45.0/go.mod h1:n62x/7RqlwXDvGsSU4u6IUTUf6KghUZ9Bt7cG/T9Fx4=
golang.org/x/net v0.55.0 h1:bcvxaJn3e1U6InsFWt1JUq1aSjnRxLzT2rtD2KfkDF8=
golang.org/x/net v0.55.0/go.mod h1:L5U2KuzuOe1lY7Z+aWVIKK6qEeJXnXV9yzGA+WCHJww=
golang.org/x/sys v0.47.0 h1:o7XGOvZQCADBQQ4Y7VNq2dRWQR7JmOUW8Kxx4ZsNgWs=
golang.org/x/sys v0.47.0/go.mod h1:4GL1E5IUh+htKOUEOaiffhrAeqysfVGipDYzABqnCmw=
golang.org/x/term v0.45.0 h1:NwWyBmoJCbfTHpxrWoZ9C6/VxOf7ic219I8xZZFdrf0=
golang.org/x/term v0.45.0/go.mod h1:9aqxs0blBcrm/n0L9QW0aRVD+ktan8ssZromtqJC43w=
golang.org/x/text v0.3.0/go.mod h1:NqM8EUOU14njkJ3fqMW+pc6Ldnwhi/IjpwHt7yyuwOQ=
golang.org/x/text v0.41.0 h1:vz/seA0lnX87Othu2f/0L24RcgrXD9/YFTSuGjj3rH8=
golang.org/x/text v0.41.0/go.mod h1:jvf1O8ajNzZqhSrQBPbutR/EB83Cc0CFrezNQIwbb5M=
gopkg.in/check.v1 v0.0.0-20161208181325-20d25e280405/go.mod h1:Co6ibVJAznAaIkqp8huTwlJQCZ016jof/cbN4VW5Yz0=
gopkg.in/yaml.v1 v1.0.0-20140924161607-9f9df34309c0/go.mod h1:WDnlLJ4WF5VGsH/HVa3CI79GS0ol3YnhVnKP89i0kNg=
howett.net/plist v1.0.0 h1:7CrbWYbPPO/PyNy38b2EB/+gYbjCe2DXBxgtOOZbSQM=
howett.net/plist v1.0.0/go.mod h1:lqaXoTrLY4hg8tnEzNru53gicrbv7rrk+2xJA/7hw9g=
webtyp.com/cloudflare v0.0.18 h1:3uXcfmXfmN+QlBrN4umAol8lypsPrMPSgT/L4/rJVG0=
webtyp.com/cloudflare v0.0.18/go.mod h1:dYmGNJvfVKmTgZ/tEsU0SxH08E1N9om9WtBWPwlQJLs=
webtyp.com/color v0.1.2 h1:PN2vx9jtlwFsu2juQoaj0GEJMY/ex3fQDcop20V8+ik=
webtyp.com/color v0.1.2/go.mod h1:p5n4e0KRiPavkkQajtQKoMAU7C+1yx86AZlzMWTJhC8=
webtyp.com/command v0.0.3 h1:XFniP+K9ZIUdmUswqDqIjy6H0kq25z1qwCDRj6CMb3Y=
webtyp.com/command v0.0.3/go.mod h1:MArpg+zHCL+Z/P6ziobR7/8i06DxM3XAJzEQAOgRjgM=
webtyp.com/context v0.0.23 h1:T+lH+UteRAPD6gLH8oxW0TBr5aZlJwgfIpmnA4DdFSY=
webtyp.com/context v0.0.23/go.mod h1:SXtpX0NmsG9zoL9B2uYVPy0ZfmXl0C1zyjQkYmuz38Q=
webtyp.com/css v0.4.22 h1:d1Wc04mCf83oSfPq3ifrDdQMRumiAFK6F7QfRwQudOc=
webtyp.com/css v0.4.22/go.mod h1:qbi0OpxKohFtrEzMCFmcM8w1LaLGSd+Nlw+LzLSNZhU=
webtyp.com/ddl v0.0.15 h1:8E1M8W09sG+kILT+cvMThAU+/ZO7rqTd7Fd1v3YYmB0=
webtyp.com/ddl v0.0.15/go.mod h1:X5q0n8KY1iw+QkpyLPFZk11b665TUVdpQTd0IpQFbVk=
webtyp.com/dom v0.13.13 h1:1NDjju/VzJzSPh/vcW+mNQeXx3FseGwnT8zq1+3WZYY=
webtyp.com/dom v0.13.13/go.mod h1:p7Vl/6A0VR3GU+NHR4Ggn0oTnRRBPUZ9+RziR5tDB4Q=
webtyp.com/fetch v0.1.28 h1:Tb8NUBp/5tLWI22U0lg/YPrR1hJtR05a8VUC5UrXyns=
webtyp.com/fetch v0.1.28/go.mod h1:ZX35mkKiyfjnJE9Ix9N+IT1ebFRTLm2fKbU0+eZ2XlA=
webtyp.com/fmt v1.0.0 h1:W0vMMGC6ezg1q2LarAEaVnNvZ26hVqzZdQQH1wcNogM=
webtyp.com/fmt v1.0.0/go.mod h1:FmTxx713R45J21kbH5JOmKGaaCap3fJPA9Yl2n4Ch7U=
webtyp.com/font v0.0.5 h1:EqjnVf8PPdRo4e+dRBBv+HaUqi0IeZjjNwsKexfqyIk=
webtyp.com/font v0.0.5/go.mod h1:N/3YKN5z5qlVGVFM7Rdc4iOG2Yba+EOru/bzKJARaCM=
webtyp.com/ghaction v0.1.2 h1:ma48qGmXp5GbNBBSm0z8dzpTXbKYk9yNQGxa5hoha7A=
webtyp.com/ghaction v0.1.2/go.mod h1:5v4qwJ9+KfhW793fuWz/TYstl+5AMu3QQPgW1j2LiVY=
webtyp.com/git v0.0.8 h1:Ws2EvqhDTEt6yEUz/fxd2RuTcL5eyeI8uhdqadJg6AY=
webtyp.com/git v0.0.8/go.mod h1:hCVzE+FmI08uE/vTOimnZT3JA6APEgdKFdF91PtmLs4=
webtyp.com/gobuild v0.0.28 h1:aDKOxcMiL7ca3FBzKH/N/8nR2/69mkM80UoqVf+PtuE=
webtyp.com/gobuild v0.0.28/go.mod h1:JWryVE/GeSFMRORUp0bJq2dDIHaHU0nI4a5TNDZpcNk=
webtyp.com/html v0.0.21 h1:Xjr7pBsQCPPOiPzQ+omJ9Ckkoy4tNlAtg7OJLpqNlSA=
webtyp.com/html v0.0.21/go.mod h1:ceM8y4PsgRyunzVLQpqA08qzbw6MoP40JzsacNIbamg=
webtyp.com/image v0.1.3 h1:XQQI/Mvt67udv5oIo4RgvuiuRxNonRuuRIqprRf5zVE=
webtyp.com/image v0.1.3/go.mod h1:dYRGFJBvDf2DRuh7wLW4PlIYbMxkWj0OTPQjENlsOLA=
webtyp.com/js v0.0.10 h1:7IPqar0tr63SwR9rm3mPGQiX0YnB7BfnS62gvlZYOlk=
webtyp.com/js v0.0.10/go.mod h1:s6MCdLDiERBflwmjQDp66+r1fCR5IeNdba/Q5TVKX/0=
webtyp.com/json v0.5.25 h1:f/JUsrtFGq4Sa/UGYI0lWHyY83V+r0li+Q89s3DkqZs=
webtyp.com/json v0.5.25/go.mod h1:KdFRztDe6ZwGP/ih0DR8grO72ru9h1DjZcG1UU5fRrM=
webtyp.com/model v0.1.8 h1:E8btSBmISbH1UHEUEmbrxCRWcX8zv08VvdRgWSAq894=
webtyp.com/model v0.1.8/go.mod h1:OkyYeE3GOG8eAQGhd9wVsORAhr+xYj3q8avpoGXG25c=
webtyp.com/modfind v0.0.9 h1:3hOnLwVsXv/wqxJIuBecSSL4jra+KeLM4QSiYFahyfs=
webtyp.com/modfind v0.0.9/go.mod h1:jEi1SwQK6pzP//tQkh6Jz+b4Kl/UtE6Iw9hH22UFRYI=
webtyp.com/router v0.1.37 h1:2fgDfPZfLrSYxoBl2OFN1+D6+1LuN5/1YDKgwauwYn8=
webtyp.com/router v0.1.37/go.mod h1:kLFuWaeLtgZhRbfhzn+KRQuuLGa3OMVZbG4+hB3gAsI=
webtyp.com/server v0.2.54 h1:ZdNLxfW0oCKPuNtQnJT5Z2V3Kdi+Rt9CFYZI07KUJEM=
webtyp.com/server v0.2.54/go.mod h1:Lr69kjkOoZN66+ioAIgyggaXg4kGr1EVk6SBeU1hPWU=
webtyp.com/sitec v0.2.9 h1:z02qrXTyPDhk7MHDI1AVfEcBTET0iPMqTw9I2ALWL5A=
webtyp.com/sitec v0.2.9/go.mod h1:nZpTxipoxw0BE0AomPJ6h5tt75HiLpncjoP2eKEoGHo=
webtyp.com/sqlt v0.0.10 h1:pC4d3n0nMtKFYNSBrCNLaBvA15vmpwN0p0x/2y90Oyo=
webtyp.com/sqlt v0.0.10/go.mod h1:CyCiFNaB1n1uhacwIm7eQc0k9ppx5rnKXFkI9GJsFTI=
webtyp.com/storage v0.0.7 h1:L9zRLTdj/vzBvEefedRi8vFpllegY+GpdcbA/zKbTZE=
webtyp.com/storage v0.0.7/go.mod h1:CjNQUZR19Rczs5G8BO886jYKWf5LBNyJKVK7oostqpQ=
webtyp.com/svg v0.3.9 h1:aR2ujdE2UStyhiPuzJbdoK0SsDfnxAzaNSmT8VnLkcs=
webtyp.com/svg v0.3.9/go.mod h1:isQRLXGzjYCw4NKfKjHiIyNOr0XYKpNb4RZ6XIdQ7PM=
webtyp.com/tinygo v1.0.1 h1:kLVBmZL2duyJ4F/lR4T5+KyaPg06QfqEHl7khSOHHuA=
webtyp.com/tinygo v1.0.1/go.mod h1:gMPL6hF9RX1OQUeNBwCTFhfQeGsTWJuwDoyV+6Qye1c=
